
Microsoft Visual Studio Solution File, Format Version 12.00
# Visual Studio Version 17
VisualStudioVersion = 17.8.34408.163
MinimumVisualStudioVersion = 10.0.40219.1
Project("{9A19103F-16F7-4668-BE54-9A1E7A4F7556}") = "DVSAdmin", "DVSAdmin\DVSAdmin.csproj", "{AF520AB5-79AD-4EA1-A091-756495A231C2}"
EndProject
Project("{9A19103F-16F7-4668-BE54-9A1E7A4F7556}") = "DVSAdmin.BusinessLogic", "DVSAdmin.BusinessLogic\DVSAdmin.BusinessLogic.csproj", "{CCA0CD3A-8BDA-403F-A3AD-82756CE6AB59}"
EndProject
Project("{9A19103F-16F7-4668-BE54-9A1E7A4F7556}") = "DVSAdmin.Data", "DVSAdmin.Data\DVSAdmin.Data.csproj", "{4608074B-893B-41C6-B1A1-21CFF24F5F5E}"
EndProject
Project("{9A19103F-16F7-4668-BE54-9A1E7A4F7556}") = "DVSAdmin.CommonUtility", "DVSAdmin.CommonUtility\DVSAdmin.CommonUtility.csproj", "{C1BFDCA9-0A25-4B5C-9F11-643FFF8EEDDF}"
EndProject
Project("{FAE04EC0-301F-11D3-BF4B-00C04F79EFBC}") = "DVSAdmin.UnitTests", "DVSAdmin.UnitTests\DVSAdmin.UnitTests.csproj", "{1EF682B0-67F0-4B37-B1AB-D835D227357B}"
EndProject
Global
	GlobalSection(SolutionConfigurationPlatforms) = preSolution
		Debug|Any CPU = Debug|Any CPU
		Release|Any CPU = Release|Any CPU
	EndGlobalSection
	GlobalSection(ProjectConfigurationPlatforms) = postSolution
		{AF520AB5-79AD-4EA1-A091-756495A231C2}.Debug|Any CPU.ActiveCfg = Debug|Any CPU
		{AF520AB5-79AD-4EA1-A091-756495A231C2}.Debug|Any CPU.Build.0 = Debug|Any CPU
		{AF520AB5-79AD-4EA1-A091-756495A231C2}.Release|Any CPU.ActiveCfg = Release|Any CPU
		{AF520AB5-79AD-4EA1-A091-756495A231C2}.Release|Any CPU.Build.0 = Release|Any CPU
		{CCA0CD3A-8BDA-403F-A3AD-82756CE6AB59}.Debug|Any CPU.ActiveCfg = Debug|Any CPU
		{CCA0CD3A-8BDA-403F-A3AD-82756CE6AB59}.Debug|Any CPU.Build.0 = Debug|Any CPU
		{CCA0CD3A-8BDA-403F-A3AD-82756CE6AB59}.Release|Any CPU.ActiveCfg = Release|Any CPU
		{CCA0CD3A-8BDA-403F-A3AD-82756CE6AB59}.Release|Any CPU.Build.0 = Release|Any CPU
		{4608074B-893B-41C6-B1A1-21CFF24F5F5E}.Debug|Any CPU.ActiveCfg = Debug|Any CPU
		{4608074B-893B-41C6-B1A1-21CFF24F5F5E}.Debug|Any CPU.Build.0 = Debug|Any CPU
		{4608074B-893B-41C6-B1A1-21CFF24F5F5E}.Release|Any CPU.ActiveCfg = Release|Any CPU
		{4608074B-893B-41C6-B1A1-21CFF24F5F5E}.Release|Any CPU.Build.0 = Release|Any CPU
		{C1BFDCA9-0A25-4B5C-9F11-643FFF8EEDDF}.Debug|Any CPU.ActiveCfg = Debug|Any CPU
		{C1BFDCA9-0A25-4B5C-9F11-643FFF8EEDDF}.Debug|Any CPU.Build.0 = Debug|Any CPU
		{C1BFDCA9-0A25-4B5C-9F11-643FFF8EEDDF}.Release|Any CPU.ActiveCfg = Release|Any CPU
		{C1BFDCA9-0A25-4B5C-9F11-643FFF8EEDDF}.Release|Any CPU.Build.0 = Release|Any CPU
		{1EF682B0-67F0-4B37-B1AB-D835D227357B}.Debug|Any CPU.ActiveCfg = Debug|Any CPU
		{1EF682B0-67F0-4B37-B1AB-D835D227357B}.Debug|Any CPU.Build.0 = Debug|Any CPU
		{1EF682B0-67F0-4B37-B1AB-D835D227357B}.Release|Any CPU.ActiveCfg = Release|Any CPU
		{1EF682B0-67F0-4B37-B1AB-D835D227357B}.Release|Any CPU.Build.0 = Release|Any CPU
	EndGlobalSection
	GlobalSection(SolutionProperties) = preSolution
		HideSolutionNode = FALSE
	EndGlobalSection
	GlobalSection(ExtensibilityGlobals) = postSolution
		SolutionGuid = {9256A90C-1C0D-4D2D-8B90-7168FBD11861}
	EndGlobalSection
EndGlobal
